<?xml version="1.0" encoding="utf-8"?>
<Project ToolsVersion="4.0" xmlns="http://schemas.microsoft.com/developer/msbuild/2003">
  <ItemGroup>
    <Filter Include="소스 파일">
      <UniqueIdentifier>{4FC737F1-C7A5-4376-A066-2A32D752A2FF}</UniqueIdentifier>
      <Extensions>cpp;c;cc;cxx;def;odl;idl;hpj;bat;asm;asmx</Extensions>
    </Filter>
    <Filter Include="헤더 파일">
      <UniqueIdentifier>{93995380-89BD-4b04-88EB-625FBE52EBFB}</UniqueIdentifier>
      <Extensions>h;hh;hpp;hxx;hm;inl;inc;xsd</Extensions>
    </Filter>
    <Filter Include="aha">
      <UniqueIdentifier>{2117b608-f214-42a4-b1de-9351267d7616}</UniqueIdentifier>
    </Filter>
    <Filter Include="aha\front">
      <UniqueIdentifier>{dfbf3ab8-67d4-4186-92a9-5c156802c08d}</UniqueIdentifier>
    </Filter>
  </ItemGroup>
  <ItemGroup>
    <ClInclude Include="ext.h">
      <Filter>헤더 파일</Filter>
    </ClInclude>
    <ClInclude Include="is_newline.h">
      <Filter>헤더 파일</Filter>
    </ClInclude>
    <ClInclude Include="pch.h">
      <Filter>헤더 파일</Filter>
    </ClInclude>
    <ClInclude Include="aha\front\source.hpp">
      <Filter>aha\front</Filter>
    </ClInclude>
    <ClInclude Include="aha\front\parser.hpp">
      <Filter>aha\front</Filter>
    </ClInclude>
    <ClInclude Include="aha\front\lexer.hpp">
      <Filter>aha\front</Filter>
    </ClInclude>
  </ItemGroup>
  <ItemGroup>
    <ClCompile Include="lexer.cpp">
      <Filter>소스 파일</Filter>
    </ClCompile>
    <ClCompile Include="parser.cpp">
      <Filter>소스 파일</Filter>
    </ClCompile>
    <ClCompile Include="pch.cpp">
      <Filter>소스 파일</Filter>
    </ClCompile>
    <ClCompile Include="source.cpp">
      <Filter>소스 파일</Filter>
    </ClCompile>
  </ItemGroup>
</Project>